// !$*UTF8*$!
{
	archiveVersion = 1;
	classes = {
	};
	objectVersion = 55;
	objects = {

/* Begin PBXBuildFile section */
		E715B2D128BF518700293E4D /* AppDelegate.swift in Sources */ = {isa = PBXBuildFile; fileRef = E715B2D028BF518700293E4D /* AppDelegate.swift */; };
		E715B2D328BF518700293E4D /* SceneDelegate.swift in Sources */ = {isa = PBXBuildFile; fileRef = E715B2D228BF518700293E4D /* SceneDelegate.swift */; };
		E715B2D528BF518700293E4D /* MoviesListViewController.swift in Sources */ = {isa = PBXBuildFile; fileRef = E715B2D428BF518700293E4D /* MoviesListViewController.swift */; };
		E715B2D828BF518700293E4D /* Main.storyboard in Resources */ = {isa = PBXBuildFile; fileRef = E715B2D628BF518700293E4D /* Main.storyboard */; };
		E715B2DA28BF518800293E4D /* Assets.xcassets in Resources */ = {isa = PBXBuildFile; fileRef = E715B2D928BF518800293E4D /* Assets.xcassets */; };
		E715B2DD28BF518800293E4D /* LaunchScreen.storyboard in Resources */ = {isa = PBXBuildFile; fileRef = E715B2DB28BF518800293E4D /* LaunchScreen.storyboard */; };
		E715B2E828BF518800293E4D /* MoviesListTests.swift in Sources */ = {isa = PBXBuildFile; fileRef = E715B2E728BF518800293E4D /* MoviesListTests.swift */; };
		E715B2F228BF518800293E4D /* MoviesListUITests.swift in Sources */ = {isa = PBXBuildFile; fileRef = E715B2F128BF518800293E4D /* MoviesListUITests.swift */; };
		E78019D428BF5A6D0013C766 /* CustomTableViewCell.swift in Sources */ = {isa = PBXBuildFile; fileRef = E78019D228BF5A6D0013C766 /* CustomTableViewCell.swift */; };
		E78019D528BF5A6D0013C766 /* CustomTableViewCell.xib in Resources */ = {isa = PBXBuildFile; fileRef = E78019D328BF5A6D0013C766 /* CustomTableViewCell.xib */; };
		E7CC977D28C0E65C005C2919 /* Movies.swift in Sources */ = {isa = PBXBuildFile; fileRef = E7CC977C28C0E65C005C2919 /* Movies.swift */; };
/* End PBXBuildFile section */

/* Begin PBXContainerItemProxy section */
		E715B2E428BF518800293E4D /* PBXContainerItemProxy */ = {
			isa = PBXContainerItemProxy;
			containerPortal = E715B2C528BF518700293E4D /* Project object */;
			proxyType = 1;
			remoteGlobalIDString = E715B2CC28BF518700293E4D;
			remoteInfo = MoviesList;
		};
		E715B2EE28BF518800293E4D /* PBXContainerItemProxy */ = {
			isa = PBXContainerItemProxy;
			containerPortal = E715B2C528BF518700293E4D /* Project object */;
			proxyType = 1;
			remoteGlobalIDString = E715B2CC28BF518700293E4D;
			remoteInfo = MoviesList;
		};
/* End PBXContainerItemProxy section */

/* Begin PBXFileReference section */
		E715B2CD28BF518700293E4D /* MoviesList.app */ = {isa = PBXFileReference; explicitFileType = wrapper.application; includeInIndex = 0; path = MoviesList.app; sourceTree = BUILT_PRODUCTS_DIR; };
		E715B2D028BF518700293E4D /* AppDelegate.swift */ = {isa = PBXFileReference; lastKnownFileType = sourcecode.swift; path = AppDelegate.swift; sourceTree = "<group>"; };
		E715B2D228BF518700293E4D /* SceneDelegate.swift */ = {isa = PBXFileReference; lastKnownFileType = sourcecode.swift; path = SceneDelegate.swift; sourceTree = "<group>"; };
		E715B2D428BF518700293E4D /* MoviesListViewController.swift */ = {isa = PBXFileReference; lastKnownFileType = sourcecode.swift; path = MoviesListViewController.swift; sourceTree = "<group>"; };
		E715B2D728BF518700293E4D /* Base */ = {isa = PBXFileReference; lastKnownFileType = file.storyboard; name = Base; path = Base.lproj/Main.storyboard; sourceTree = "<group>"; };
		E715B2D928BF518800293E4D /* Assets.xcassets */ = {isa = PBXFileReference; lastKnownFileType = folder.assetcatalog; path = Assets.xcassets; sourceTree = "<group>"; };
		E715B2DC28BF518800293E4D /* Base */ = {isa = PBXFileReference; lastKnownFileType = file.storyboard; name = Base; path = Base.lproj/LaunchScreen.storyboard; sourceTree = "<group>"; };
		E715B2DE28BF518800293E4D /* Info.plist */ = {isa = PBXFileReference; lastKnownFileType = text.plist.xml; path = Info.plist; sourceTree = "<group>"; };
		E715B2E328BF518800293E4D /* MoviesListTests.xctest */ = {isa = PBXFileReference; explicitFileType = wrapper.cfbundle; includeInIndex = 0; path = MoviesListTests.xctest; sourceTree = BUILT_PRODUCTS_DIR; };
		E715B2E728BF518800293E4D /* MoviesListTests.swift */ = {isa = PBXFileReference; lastKnownFileType = sourcecode.swift; path = MoviesListTests.swift; sourceTree = "<group>"; };
		E715B2ED28BF518800293E4D /* MoviesListUITests.xctest */ = {isa = PBXFileReference; explicitFileType = wrapper.cfbundle; includeInIndex = 0; path = MoviesListUITests.xctest; sourceTree = BUILT_PRODUCTS_DIR; };
		E715B2F128BF518800293E4D /* MoviesListUITests.swift */ = {isa = PBXFileReference; lastKnownFileType = sourcecode.swift; path = MoviesListUITests.swift; sourceTree = "<group>"; };
		E78019D228BF5A6D0013C766 /* CustomTableViewCell.swift */ = {isa = PBXFileReference; lastKnownFileType = sourcecode.swift; path = CustomTableViewCell.swift; sourceTree = "<group>"; };
		E78019D328BF5A6D0013C766 /* CustomTableViewCell.xib */ = {isa = PBXFileReference; lastKnownFileType = file.xib; path = CustomTableViewCell.xib; sourceTree = "<group>"; };
		E7CC977C28C0E65C005C2919 /* Movies.swift */ = {isa = PBXFileReference; lastKnownFileType = sourcecode.swift; path = Movies.swift; sourceTree = "<group>"; };
/* End PBXFileReference section */

/* Begin PBXFrameworksBuildPhase section */
		E715B2CA28BF518700293E4D /* Frameworks */ = {
			isa = PBXFrameworksBuildPhase;
			buildActionMask = 2147483647;
			files = (
			);
			runOnlyForDeploymentPostprocessing = 0;
		};
		E715B2E028BF518800293E4D /* Frameworks */ = {
			isa = PBXFrameworksBuildPhase;
			buildActionMask = 2147483647;
			files = (
			);
			runOnlyForDeploymentPostprocessing = 0;
		};
		E715B2EA28BF518800293E4D /* Frameworks */ = {
			isa = PBXFrameworksBuildPhase;
			buildActionMask = 2147483647;
			files = (
			);
			runOnlyForDeploymentPostprocessing = 0;
		};
/* End PBXFrameworksBuildPhase section */

/* Begin PBXGroup section */
		E715B2C428BF518700293E4D = {
			isa = PBXGroup;
			children = (
				E715B2CF28BF518700293E4D /* MoviesList */,
				E715B2E628BF518800293E4D /* MoviesListTests */,
				E715B2F028BF518800293E4D /* MoviesListUITests */,
				E715B2CE28BF518700293E4D /* Products */,
			);
			sourceTree = "<group>";
		};
		E715B2CE28BF518700293E4D /* Products */ = {
			isa = PBXGroup;
			children = (
				E715B2CD28BF518700293E4D /* MoviesList.app */,
				E715B2E328BF518800293E4D /* MoviesListTests.xctest */,
				E715B2ED28BF518800293E4D /* MoviesListUITests.xctest */,
			);
			name = Products;
			sourceTree = "<group>";
		};
		E715B2CF28BF518700293E4D /* MoviesList */ = {
			isa = PBXGroup;
			children = (
				E715B2D028BF518700293E4D /* AppDelegate.swift */,
				E715B2D228BF518700293E4D /* SceneDelegate.swift */,
				E78019D828BFBAF30013C766 /* Model */,
				E78019D128BF583B0013C766 /* View */,
				E78019DB28BFC34A0013C766 /* Controller  */,
				E715B2DE28BF518800293E4D /* Info.plist */,
			);
			path = MoviesList;
			sourceTree = "<group>";
		};
		E715B2E628BF518800293E4D /* MoviesListTests */ = {
			isa = PBXGroup;
			children = (
				E715B2E728BF518800293E4D /* MoviesListTests.swift */,
			);
			path = MoviesListTests;
			sourceTree = "<group>";
		};
		E715B2F028BF518800293E4D /* MoviesListUITests */ = {
			isa = PBXGroup;
			children = (
				E715B2F128BF518800293E4D /* MoviesListUITests.swift */,
			);
			path = MoviesListUITests;
			sourceTree = "<group>";
		};
		E78019D128BF583B0013C766 /* View */ = {
			isa = PBXGroup;
			children = (
				E715B2D628BF518700293E4D /* Main.storyboard */,
				E715B2D928BF518800293E4D /* Assets.xcassets */,
				E715B2DB28BF518800293E4D /* LaunchScreen.storyboard */,
				E78019D228BF5A6D0013C766 /* CustomTableViewCell.swift */,
				E78019D328BF5A6D0013C766 /* CustomTableViewCell.xib */,
			);
			path = View;
			sourceTree = "<group>";
		};
		E78019D828BFBAF30013C766 /* Model */ = {
			isa = PBXGroup;
			children = (
				E7CC977C28C0E65C005C2919 /* Movies.swift */,
			);
			path = Model;
			sourceTree = "<group>";
		};
		E78019DB28BFC34A0013C766 /* Controller  */ = {
			isa = PBXGroup;
			children = (
				E715B2D428BF518700293E4D /* MoviesListViewController.swift */,
			);
			path = "Controller ";
			sourceTree = "<group>";
		};
/* End PBXGroup section */

/* Begin PBXNativeTarget section */
		E715B2CC28BF518700293E4D /* MoviesList */ = {
			isa = PBXNativeTarget;
			buildConfigurationList = E715B2F728BF518800293E4D /* Build configuration list for PBXNativeTarget "MoviesList" */;
			buildPhases = (
				E715B2C928BF518700293E4D /* Sources */,
				E715B2CA28BF518700293E4D /* Frameworks */,
				E715B2CB28BF518700293E4D /* Resources */,
			);
			buildRules = (
			);
			dependencies = (
			);
			name = MoviesList;
			productName = MoviesList;
			productReference = E715B2CD28BF518700293E4D /* MoviesList.app */;
			productType = "com.apple.product-type.application";
		};
		E715B2E228BF518800293E4D /* MoviesListTests */ = {
			isa = PBXNativeTarget;
			buildConfigurationList = E715B2FA28BF518800293E4D /* Build configuration list for PBXNativeTarget "MoviesListTests" */;
			buildPhases = (
				E715B2DF28BF518800293E4D /* Sources */,
				E715B2E028BF518800293E4D /* Frameworks */,
				E715B2E128BF518800293E4D /* Resources */,
			);
			buildRules = (
			);
			dependencies = (
				E715B2E528BF518800293E4D /* PBXTargetDependency */,
			);
			name = MoviesListTests;
			productName = MoviesListTests;
			productReference = E715B2E328BF518800293E4D /* MoviesListTests.xctest */;
			productType = "com.apple.product-type.bundle.unit-test";
		};
		E715B2EC28BF518800293E4D /* MoviesListUITests */ = {
			isa = PBXNativeTarget;
			buildConfigurationList = E715B2FD28BF518800293E4D /* Build configuration list for PBXNativeTarget "MoviesListUITests" */;
			buildPhases = (
				E715B2E928BF518800293E4D /* Sources */,
				E715B2EA28BF518800293E4D /* Frameworks */,
				E715B2EB28BF518800293E4D /* Resources */,
			);
			buildRules = (
			);
			dependencies = (
				E715B2EF28BF518800293E4D /* PBXTargetDependency */,
			);
			name = MoviesListUITests;
			productName = MoviesListUITests;
			productReference = E715B2ED28BF518800293E4D /* MoviesListUITests.xctest */;
			productType = "com.apple.product-type.bundle.ui-testing";
		};
/* End PBXNativeTarget section */

/* Begin PBXProject section */
		E715B2C528BF518700293E4D /* Project object */ = {
			isa = PBXProject;
			attributes = {
				BuildIndependentTargetsInParallel = 1;
				LastSwiftUpdateCheck = 1340;
				LastUpgradeCheck = 1340;
				TargetAttributes = {
					E715B2CC28BF518700293E4D = {
						CreatedOnToolsVersion = 13.4.1;
					};
					E715B2E228BF518800293E4D = {
						CreatedOnToolsVersion = 13.4.1;
						TestTargetID = E715B2CC28BF518700293E4D;
					};
					E715B2EC28BF518800293E4D = {
						CreatedOnToolsVersion = 13.4.1;
						TestTargetID = E715B2CC28BF518700293E4D;
					};
				};
			};
			buildConfigurationList = E715B2C828BF518700293E4D /* Build configuration list for PBXProject "MoviesList" */;
			compatibilityVersion = "Xcode 13.0";
			developmentRegion = en;
			hasScannedForEncodings = 0;
			knownRegions = (
				en,
				Base,
			);
			mainGroup = E715B2C428BF518700293E4D;
			productRefGroup = E715B2CE28BF518700293E4D /* Products */;
			projectDirPath = "";
			projectRoot = "";
			targets = (
				E715B2CC28BF518700293E4D /* MoviesList */,
				E715B2E228BF518800293E4D /* MoviesListTests */,
				E715B2EC28BF518800293E4D /* MoviesListUITests */,
			);
		};
/* End PBXProject section */

/* Begin PBXResourcesBuildPhase section */
		E715B2CB28BF518700293E4D /* Resources */ = {
			isa = PBXResourcesBuildPhase;
			buildActionMask = 2147483647;
			files = (
				E715B2DD28BF518800293E4D /* LaunchScreen.storyboard in Resources */,
				E715B2DA28BF518800293E4D /* Assets.xcassets in Resources */,
				E78019D528BF5A6D0013C766 /* CustomTableViewCell.xib in Resources */,
				E715B2D828BF518700293E4D /* Main.storyboard in Resources */,
			);
			runOnlyForDeploymentPostprocessing = 0;
		};
		E715B2E128BF518800293E4D /* Resources */ = {
			isa = PBXResourcesBuildPhase;
			buildActionMask = 2147483647;
			files = (
			);
			runOnlyForDeploymentPostprocessing = 0;
		};
		E715B2EB28BF518800293E4D /* Resources */ = {
			isa = PBXResourcesBuildPhase;
			buildActionMask = 2147483647;
			files = (
			);
			runOnlyForDeploymentPostprocessing = 0;
		};
/* End PBXResourcesBuildPhase section */

/* Begin PBXSourcesBuildPhase section */
		E715B2C928BF518700293E4D /* Sources */ = {
			isa = PBXSourcesBuildPhase;
			buildActionMask = 2147483647;
			files = (
				E715B2D528BF518700293E4D /* MoviesListViewController.swift in Sources */,
				E7CC977D28C0E65C005C2919 /* Movies.swift in Sources */,
				E715B2D128BF518700293E4D /* AppDelegate.swift in Sources */,
				E78019D428BF5A6D0013C766 /* CustomTableViewCell.swift in Sources */,
				E715B2D328BF518700293E4D /* SceneDelegate.swift in Sources */,
			);
			runOnlyForDeploymentPostprocessing = 0;
		};
		E715B2DF28BF518800293E4D /* Sources */ = {
			isa = PBXSourcesBuildPhase;
			buildActionMask = 2147483647;
			files = (
				E715B2E828BF518800293E4D /* MoviesListTests.swift in Sources */,
			);
			runOnlyForDeploymentPostprocessing = 0;
		};
		E715B2E928BF518800293E4D /* Sources */ = {
			isa = PBXSourcesBuildPhase;
			buildActionMask = 2147483647;
			files = (
				E715B2F228BF518800293E4D /* MoviesListUITests.swift in Sources */,
			);
			runOnlyForDeploymentPostprocessing = 0;
		};
/* End PBXSourcesBuildPhase section */

/* Begin PBXTargetDependency section */
		E715B2E528BF518800293E4D /* PBXTargetDependency */ = {
			isa = PBXTargetDependency;
			target = E715B2CC28BF518700293E4D /* MoviesList */;
			targetProxy = E715B2E428BF518800293E4D /* PBXContainerItemProxy */;
		};
		E715B2EF28BF518800293E4D /* PBXTargetDependency */ = {
			isa = PBXTargetDependency;
			target = E715B2CC28BF518700293E4D /* MoviesList */;
			targetProxy = E715B2EE28BF518800293E4D /* PBXContainerItemProxy */;
		};
/* End PBXTargetDependency section */

/* Begin PBXVariantGroup section */
		E715B2D628BF518700293E4D /* Main.storyboard */ = {
			isa = PBXVariantGroup;
			children = (
				E715B2D728BF518700293E4D /* Base */,
			);
			name = Main.storyboard;
			sourceTree = "<group>";
		};
		E715B2DB28BF518800293E4D /* LaunchScreen.storyboard */ = {
			isa = PBXVariantGroup;
			children = (
				E715B2DC28BF518800293E4D /* Base */,
			);
			name = LaunchScreen.storyboard;
			sourceTree = "<group>";
		};
/* End PBXVariantGroup section */

/* Begin XCBuildConfiguration section */
		E715B2F528BF518800293E4D /* Debug */ = {
			isa = XCBuildConfiguration;
			buildSettings = {
				ALWAYS_SEARCH_USER_PATHS = NO;
				CLANG_ANALYZER_NONNULL = YES;
				CLANG_ANALYZER_NUMBER_OBJECT_CONVERSION = YES_AGGRESSIVE;
				CLANG_CXX_LANGUAGE_STANDARD = "gnu++17";
				CLANG_ENABLE_MODULES = YES;
				CLANG_ENABLE_OBJC_ARC = YES;
				CLANG_ENABLE_OBJC_WEAK = YES;
				CLANG_WARN_BLOCK_CAPTURE_AUTORELEASING = YES;
				CLANG_WARN_BOOL_CONVERSION = YES;
				CLANG_WARN_COMMA = YES;
				CLANG_WARN_CONSTANT_CONVERSION = YES;
				CLANG_WARN_DEPRECATED_OBJC_IMPLEMENTATIONS = YES;
				CLANG_WARN_DIRECT_OBJC_ISA_USAGE = YES_ERROR;
				CLANG_WARN_DOCUMENTATION_COMMENTS = YES;
				CLANG_WARN_EMPTY_BODY = YES;
				CLANG_WARN_ENUM_CONVERSION = YES;
				CLANG_WARN_INFINITE_RECURSION = YES;
				CLANG_WARN_INT_CONVERSION = YES;
				CLANG_WARN_NON_LITERAL_NULL_CONVERSION = YES;
				CLANG_WARN_OBJC_IMPLICIT_RETAIN_SELF = YES;
				CLANG_WARN_OBJC_LITERAL_CONVERSION = YES;
				CLANG_WARN_OBJC_ROOT_CLASS = YES_ERROR;
				CLANG_WARN_QUOTED_INCLUDE_IN_FRAMEWORK_HEADER = YES;
				CLANG_WARN_RANGE_LOOP_ANALYSIS = YES;
				CLANG_WARN_STRICT_PROTOTYPES = YES;
				CLANG_WARN_SUSPICIOUS_MOVE = YES;
				CLANG_WARN_UNGUARDED_AVAILABILITY = YES_AGGRESSIVE;
				CLANG_WARN_UNREACHABLE_CODE = YES;
				CLANG_WARN__DUPLICATE_METHOD_MATCH = YES;
				COPY_PHASE_STRIP = NO;
				DEBUG_INFORMATION_FORMAT = dwarf;
				ENABLE_STRICT_OBJC_MSGSEND = YES;
				ENABLE_TESTABILITY = YES;
				GCC_C_LANGUAGE_STANDARD = gnu11;
				GCC_DYNAMIC_NO_PIC = NO;
				GCC_NO_COMMON_BLOCKS = YES;
				GCC_OPTIMIZATION_LEVEL = 0;
				GCC_PREPROCESSOR_DEFINITIONS = (
					"DEBUG=1",
					"$(inherited)",
				);
				GCC_WARN_64_TO_32_BIT_CONVERSION = YES;
				GCC_WARN_ABOUT_RETURN_TYPE = YES_ERROR;
				GCC_WARN_UNDECLARED_SELECTOR = YES;
				GCC_WARN_UNINITIALIZED_AUTOS = YES_AGGRESSIVE;
				GCC_WARN_UNUSED_FUNCTION = YES;
				GCC_WARN_UNUSED_VARIABLE = YES;
				IPHONEOS_DEPLOYMENT_TARGET = 15.5;
				MTL_ENABLE_DEBUG_INFO = INCLUDE_SOURCE;
				MTL_FAST_MATH = YES;
				ONLY_ACTIVE_ARCH = YES;
				SDKROOT = iphoneos;
				SWIFT_ACTIVE_COMPILATION_CONDITIONS = DEBUG;
				SWIFT_OPTIMIZATION_LEVEL = "-Onone";
			};
			name = Debug;
		};
		E715B2F628BF518800293E4D /* Release */ = {
			isa = XCBuildConfiguration;
			buildSettings = {
				ALWAYS_SEARCH_USER_PATHS = NO;
				CLANG_ANALYZER_NONNULL = YES;
				CLANG_ANALYZER_NUMBER_OBJECT_CONVERSION = YES_AGGRESSIVE;
				CLANG_CXX_LANGUAGE_STANDARD = "gnu++17";
				CLANG_ENABLE_MODULES = YES;
				CLANG_ENABLE_OBJC_ARC = YES;
				CLANG_ENABLE_OBJC_WEAK = YES;
				CLANG_WARN_BLOCK_CAPTURE_AUTORELEASING = YES;
				CLANG_WARN_BOOL_CONVERSION = YES;
				CLANG_WARN_COMMA = YES;
				CLANG_WARN_CONSTANT_CONVERSION = YES;
				CLANG_WARN_DEPRECATED_OBJC_IMPLEMENTATIONS = YES;
				CLANG_WARN_DIRECT_OBJC_ISA_USAGE = YES_ERROR;
				CLANG_WARN_DOCUMENTATION_COMMENTS = YES;
				CLANG_WARN_EMPTY_BODY = YES;
				CLANG_WARN_ENUM_CONVERSION = YES;
				CLANG_WARN_INFINITE_RECURSION = YES;
				CLANG_WARN_INT_CONVERSION = YES;
				CLANG_WARN_NON_LITERAL_NULL_CONVERSION = YES;
				CLANG_WARN_OBJC_IMPLICIT_RETAIN_SELF = YES;
				CLANG_WARN_OBJC_LITERAL_CONVERSION = YES;
				CLANG_WARN_OBJC_ROOT_CLASS = YES_ERROR;
				CLANG_WARN_QUOTED_INCLUDE_IN_FRAMEWORK_HEADER = YES;
				CLANG_WARN_RANGE_LOOP_ANALYSIS = YES;
				CLANG_WARN_STRICT_PROTOTYPES = YES;
				CLANG_WARN_SUSPICIOUS_MOVE = YES;
				CLANG_WARN_UNGUARDED_AVAILABILITY = YES_AGGRESSIVE;
				CLANG_WARN_UNREACHABLE_CODE = YES;
				CLANG_WARN__DUPLICATE_METHOD_MATCH = YES;
				COPY_PHASE_STRIP = NO;
				DEBUG_INFORMATION_FORMAT = "dwarf-with-dsym";
				ENABLE_NS_ASSERTIONS = NO;
				ENABLE_STRICT_OBJC_MSGSEND = YES;
				GCC_C_LANGUAGE_STANDARD = gnu11;
				GCC_NO_COMMON_BLOCKS = YES;
				GCC_WARN_64_TO_32_BIT_CONVERSION = YES;
				GCC_WARN_ABOUT_RETURN_TYPE = YES_ERROR;
				GCC_WARN_UNDECLARED_SELECTOR = YES;
				GCC_WARN_UNINITIALIZED_AUTOS = YES_AGGRESSIVE;
				GCC_WARN_UNUSED_FUNCTION = YES;
				GCC_WARN_UNUSED_VARIABLE = YES;
				IPHONEOS_DEPLOYMENT_TARGET = 15.5;
				MTL_ENABLE_DEBUG_INFO = NO;
				MTL_FAST_MATH = YES;
				SDKROOT = iphoneos;
				SWIFT_COMPILATION_MODE = wholemodule;
				SWIFT_OPTIMIZATION_LEVEL = "-O";
				VALIDATE_PRODUCT = YES;
			};
			name = Release;
		};
		E715B2F828BF518800293E4D /* Debug */ = {
			isa = XCBuildConfiguration;
			buildSettings = {
				ASSETCATALOG_COMPILER_APPICON_NAME = AppIcon;
				ASSETCATALOG_COMPILER_GLOBAL_ACCENT_COLOR_NAME = AccentColor;
				CODE_SIGN_STYLE = Automatic;
				CURRENT_PROJECT_VERSION = 1;
				DEVELOPMENT_TEAM = 882F2W2464;
				GENERATE_INFOPLIST_FILE = YES;
				INFOPLIST_FILE = MoviesList/Info.plist;
				INFOPLIST_KEY_UIApplicationSupportsIndirectInputEvents = YES;
				INFOPLIST_KEY_UILaunchStoryboardName = LaunchScreen;
				INFOPLIST_KEY_UIMainStoryboardFile = Main;
				INFOPLIST_KEY_UISupportedInterfaceOrientations_iPad = "UIInterfaceOrientationPortrait UIInterfaceOrientationPortraitUpsideDown UIInterfaceOrientationLandscapeLeft UIInterfaceOrientationLandscapeRight";
				INFOPLIST_KEY_UISupportedInterfaceOrientations_iPhone = "UIInterfaceOrientationPortrait UIInterfaceOrientationLandscapeLeft UIInterfaceOrientationLandscapeRight";
				LD_RUNPATH_SEARCH_PATHS = (
					"$(inherited)",
					"@executable_path/Frameworks",
				);
				MARKETING_VERSION = 1.0;
				PRODUCT_BUNDLE_IDENTIFIER = com.kostiantynkaniuka.MoviesList;
				PRODUCT_NAME = "$(TARGET_NAME)";
				SWIFT_EMIT_LOC_STRINGS = YES;
				SWIFT_VERSION = 5.0;
				TARGETED_DEVICE_FAMILY = "1,2";
			};
			name = Debug;
		};
		E715B2F928BF518800293E4D /* Release */ = {
			isa = XCBuildConfiguration;
			buildSettings = {
				ASSETCATALOG_COMPILER_APPICON_NAME = AppIcon;
				ASSETCATALOG_COMPILER_GLOBAL_ACCENT_COLOR_NAME = AccentColor;
				CODE_SIGN_STYLE = Automatic;
				CURRENT_PROJECT_VERSION = 1;
				DEVELOPMENT_TEAM = 882F2W2464;
				GENERATE_INFOPLIST_FILE = YES;
				INFOPLIST_FILE = MoviesList/Info.plist;
				INFOPLIST_KEY_UIApplicationSupportsIndirectInputEvents = YES;
				INFOPLIST_KEY_UILaunchStoryboardName = LaunchScreen;
				INFOPLIST_KEY_UIMainStoryboardFile = Main;
				INFOPLIST_KEY_UISupportedInterfaceOrientations_iPad = "UIInterfaceOrientationPortrait UIInterfaceOrientationPortraitUpsideDown UIInterfaceOrientationLandscapeLeft UIInterfaceOrientationLandscapeRight";
				INFOPLIST_KEY_UISupportedInterfaceOrientations_iPhone = "UIInterfaceOrientationPortrait UIInterfaceOrientationLandscapeLeft UIInterfaceOrientationLandscapeRight";
				LD_RUNPATH_SEARCH_PATHS = (
					"$(inherited)",
					"@executable_path/Frameworks",
				);
				MARKETING_VERSION = 1.0;
				PRODUCT_BUNDLE_IDENTIFIER = com.kostiantynkaniuka.MoviesList;
				PRODUCT_NAME = "$(TARGET_NAME)";
				SWIFT_EMIT_LOC_STRINGS = YES;
				SWIFT_VERSION = 5.0;
				TARGETED_DEVICE_FAMILY = "1,2";
			};
			name = Release;
		};
		E715B2FB28BF518800293E4D /* Debug */ = {
			isa = XCBuildConfiguration;
			buildSettings = {
				ALWAYS_EMBED_SWIFT_STANDARD_LIBRARIES = YES;
				BUNDLE_LOADER = "$(TEST_HOST)";
				CODE_SIGN_STYLE = Automatic;
				CURRENT_PROJECT_VERSION = 1;
				DEVELOPMENT_TEAM = 882F2W2464;
				GENERATE_INFOPLIST_FILE = YES;
				IPHONEOS_DEPLOYMENT_TARGET = 15.5;
				MARKETING_VERSION = 1.0;
				PRODUCT_BUNDLE_IDENTIFIER = com.kostiantynkaniuka.MoviesListTests;
				PRODUCT_NAME = "$(TARGET_NAME)";
				SWIFT_EMIT_LOC_STRINGS = NO;
				SWIFT_VERSION = 5.0;
				TARGETED_DEVICE_FAMILY = "1,2";
				TEST_HOST = "$(BUILT_PRODUCTS_DIR)/MoviesList.app/MoviesList";
			};
			name = Debug;
		};
		E715B2FC28BF518800293E4D /* Release */ = {
			isa = XCBuildConfiguration;
			buildSettings = {
				ALWAYS_EMBED_SWIFT_STANDARD_LIBRARIES = YES;
				BUNDLE_LOADER = "$(TEST_HOST)";
				CODE_SIGN_STYLE = Automatic;
				CURRENT_PROJECT_VERSION = 1;
				DEVELOPMENT_TEAM = 882F2W2464;
				GENERATE_INFOPLIST_FILE = YES;
				IPHONEOS_DEPLOYMENT_TARGET = 15.5;
				MARKETING_VERSION = 1.0;
				PRODUCT_BUNDLE_IDENTIFIER = com.kostiantynkaniuka.MoviesListTests;
				PRODUCT_NAME = "$(TARGET_NAME)";
				SWIFT_EMIT_LOC_STRINGS = NO;
				SWIFT_VERSION = 5.0;
				TARGETED_DEVICE_FAMILY = "1,2";
				TEST_HOST = "$(BUILT_PRODUCTS_DIR)/MoviesList.app/MoviesList";
			};
			name = Release;
		};
		E715B2FE28BF518800293E4D /* Debug */ = {
			isa = XCBuildConfiguration;
			buildSettings = {
				ALWAYS_EMBED_SWIFT_STANDARD_LIBRARIES = YES;
				CODE_SIGN_STYLE = Automatic;
				CURRENT_PROJECT_VERSION = 1;
				DEVELOPMENT_TEAM = 882F2W2464;
				GENERATE_INFOPLIST_FILE = YES;
				MARKETING_VERSION = 1.0;
				PRODUCT_BUNDLE_IDENTIFIER = com.kostiantynkaniuka.MoviesListUITests;
				PRODUCT_NAME = "$(TARGET_NAME)";
				SWIFT_EMIT_LOC_STRINGS = NO;
				SWIFT_VERSION = 5.0;
				TARGETED_DEVICE_FAMILY = "1,2";
				TEST_TARGET_NAME = MoviesList;
			};
			name = Debug;
		};
		E715B2FF28BF518800293E4D /* Release */ = {
			isa = XCBuildConfiguration;
			buildSettings = {
				ALWAYS_EMBED_SWIFT_STANDARD_LIBRARIES = YES;
				CODE_SIGN_STYLE = Automatic;
				CURRENT_PROJECT_VERSION = 1;
				DEVELOPMENT_TEAM = 882F2W2464;
				GENERATE_INFOPLIST_FILE = YES;
				MARKETING_VERSION = 1.0;
				PRODUCT_BUNDLE_IDENTIFIER = com.kostiantynkaniuka.MoviesListUITests;
				PRODUCT_NAME = "$(TARGET_NAME)";
				SWIFT_EMIT_LOC_STRINGS = NO;
				SWIFT_VERSION = 5.0;
				TARGETED_DEVICE_FAMILY = "1,2";
				TEST_TARGET_NAME = MoviesList;
			};
			name = Release;
		};
/* End XCBuildConfiguration section */

/* Begin XCConfigurationList section */
		E715B2C828BF518700293E4D /* Build configuration list for PBXProject "MoviesList" */ = {
			isa = XCConfigurationList;
			buildConfigurations = (
				E715B2F528BF518800293E4D /* Debug */,
				E715B2F628BF518800293E4D /* Release */,
			);
			defaultConfigurationIsVisible = 0;
			defaultConfigurationName = Release;
		};
		E715B2F728BF518800293E4D /* Build configuration list for PBXNativeTarget "MoviesList" */ = {
			isa = XCConfigurationList;
			buildConfigurations = (
				E715B2F828BF518800293E4D /* Debug */,
				E715B2F928BF518800293E4D /* Release */,
			);
			defaultConfigurationIsVisible = 0;
			defaultConfigurationName = Release;
		};
		E715B2FA28BF518800293E4D /* Build configuration list for PBXNativeTarget "MoviesListTests" */ = {
			isa = XCConfigurationList;
			buildConfigurations = (
				E715B2FB28BF518800293E4D /* Debug */,
				E715B2FC28BF518800293E4D /* Release */,
			);
			defaultConfigurationIsVisible = 0;
			defaultConfigurationName = Release;
		};
		E715B2FD28BF518800293E4D /* Build configuration list for PBXNativeTarget "MoviesListUITests" */ = {
			isa = XCConfigurationList;
			buildConfigurations = (
				E715B2FE28BF518800293E4D /* Debug */,
				E715B2FF28BF518800293E4D /* Release */,
			);
			defaultConfigurationIsVisible = 0;
			defaultConfigurationName = Release;
		};
/* End XCConfigurationList section */
	};
	rootObject = E715B2C528BF518700293E4D /* Project object */;
}
